
Microsoft Visual Studio Solution File, Format Version 12.00
# Visual Studio Version 16
VisualStudioVersion = 16.0.31624.102
MinimumVisualStudioVersion = 10.0.40219.1
Project("{FAE04EC0-301F-11D3-BF4B-00C04F79EFBC}") = "progetto_Battaglia_Navale", "progetto_Battaglia_Navale\progetto_Battaglia_Navale.csproj", "{FF637027-1D0E-4DC6-9DFB-04083777EFEC}"
EndProject
Global
	GlobalSection(SolutionConfigurationPlatforms) = preSolution
		Debug|Any CPU = Debug|Any CPU
		Release|Any CPU = Release|Any CPU
	EndGlobalSection
	GlobalSection(ProjectConfigurationPlatforms) = postSolution
		{FF637027-1D0E-4DC6-9DFB-04083777EFEC}.Debug|Any CPU.ActiveCfg = Debug|Any CPU
		{FF637027-1D0E-4DC6-9DFB-04083777EFEC}.Debug|Any CPU.Build.0 = Debug|Any CPU
		{FF637027-1D0E-4DC6-9DFB-04083777EFEC}.Release|Any CPU.ActiveCfg = Release|Any CPU
		{FF637027-1D0E-4DC6-9DFB-04083777EFEC}.Release|Any CPU.Build.0 = Release|Any CPU
	EndGlobalSection
	GlobalSection(SolutionProperties) = preSolution
		HideSolutionNode = FALSE
	EndGlobalSection
	GlobalSection(ExtensibilityGlobals) = postSolution
		SolutionGuid = {96EF90BE-6DEE-4521-9FC4-D212DEB0B3E8}
	EndGlobalSection
EndGlobal
